{
  "name": "tolst-dummy",
  "version": "1.0.1",
  "lockfileVersion": 1,
  "requires": true,
  "dependencies": {
    "@tolst/cli": {
      "version": "1.0.0",
      "resolved": "https://registry.npmjs.org/@tolst/cli/-/cli-1.0.0.tgz",
      "integrity": "sha512-0nIvmk/aMP4TAGWPrccfMR1kWqnivGuBPyRj7g47RfIZ6KE7KMKWDiNw7Oi4Ctnk7AF+ORCVjweO95UwFPUHFA==",
      "dev": true,
      "requires": {
        "@types/node": "^16.7.1",
        "commander": "^8.1.0"
      }
    },
    "@types/node": {
      "version": "16.7.1",
      "resolved": "https://registry.npmjs.org/@types/node/-/node-16.7.1.tgz",
      "integrity": "sha512-ncRdc45SoYJ2H4eWU9ReDfp3vtFqDYhjOsKlFFUDEn8V1Bgr2RjYal8YT5byfadWIRluhPFU6JiDOl0H6Sl87A==",
      "dev": true
    },
    "commander": {
      "version": "8.1.0",
      "resolved": "https://registry.npmjs.org/commander/-/commander-8.1.0.tgz",
      "integrity": "sha512-mf45ldcuHSYShkplHHGKWb4TrmwQadxOn7v4WuhDJy0ZVoY5JFajaRDKD0PNe5qXzBX0rhovjTnP6Kz9LETcuA==",
      "dev": true
    }
  }
}
